
Microsoft Visual Studio Solution File, Format Version 12.00
# Visual Studio Version 16
VisualStudioVersion = 16.0.31313.79
MinimumVisualStudioVersion = 10.0.40219.1
Project("{9A19103F-16F7-4668-BE54-9A1E7A4F7556}") = "Plingplangplong", "Plingplangplong.csproj", "{8A01076F-D2C4-4790-88FF-EEC726178148}"
EndProject
Project("{9A19103F-16F7-4668-BE54-9A1E7A4F7556}") = "PlingPlangPlongTests", "..\PlingPlngPlongTests\PlingPlangPlongTests.csproj", "{B95AB2E3-8D56-4B78-922B-30E20985C9F0}"
EndProject
Global
	GlobalSection(SolutionConfigurationPlatforms) = preSolution
		Debug|Any CPU = Debug|Any CPU
		Release|Any CPU = Release|Any CPU
	EndGlobalSection
	GlobalSection(ProjectConfigurationPlatforms) = postSolution
		{8A01076F-D2C4-4790-88FF-EEC726178148}.Debug|Any CPU.ActiveCfg = Debug|Any CPU
		{8A01076F-D2C4-4790-88FF-EEC726178148}.Debug|Any CPU.Build.0 = Debug|Any CPU
		{8A01076F-D2C4-4790-88FF-EEC726178148}.Release|Any CPU.ActiveCfg = Release|Any CPU
		{8A01076F-D2C4-4790-88FF-EEC726178148}.Release|Any CPU.Build.0 = Release|Any CPU
		{B95AB2E3-8D56-4B78-922B-30E20985C9F0}.Debug|Any CPU.ActiveCfg = Debug|Any CPU
		{B95AB2E3-8D56-4B78-922B-30E20985C9F0}.Debug|Any CPU.Build.0 = Debug|Any CPU
		{B95AB2E3-8D56-4B78-922B-30E20985C9F0}.Release|Any CPU.ActiveCfg = Release|Any CPU
		{B95AB2E3-8D56-4B78-922B-30E20985C9F0}.Release|Any CPU.Build.0 = Release|Any CPU
	EndGlobalSection
	GlobalSection(SolutionProperties) = preSolution
		HideSolutionNode = FALSE
	EndGlobalSection
	GlobalSection(ExtensibilityGlobals) = postSolution
		SolutionGuid = {62C0F2DF-A6DA-4FD9-98B4-F75BCCB00D81}
	EndGlobalSection
EndGlobal
